{
	"name": "xyplug-ai",
	"version": "1.0.0",
	"lockfileVersion": 3,
	"requires": true,
	"packages": {
		"": {
			"name": "xyplug-ai",
			"version": "1.0.0",
			"license": "MIT",
			"dependencies": {
				"@ai-sdk/anthropic": "^3.0.9",
				"@ai-sdk/cohere": "^3.0.4",
				"@ai-sdk/deepseek": "^2.0.4",
				"@ai-sdk/google": "^3.0.6",
				"@ai-sdk/groq": "^3.0.4",
				"@ai-sdk/mistral": "^3.0.5",
				"@ai-sdk/openai": "^3.0.7",
				"@ai-sdk/openai-compatible": "^2.0.4",
				"@ai-sdk/xai": "^3.0.13",
				"ai": "^6.0.27"
			},
			"bin": {
				"xyplug-ai": "index.js"
			}
		},
		"node_modules/@ai-sdk/anthropic": {
			"version": "3.0.9",
			"resolved": "https://registry.npmjs.org/@ai-sdk/anthropic/-/anthropic-3.0.9.tgz",
			"integrity": "sha512-QBD4qDnwIHd+N5PpjxXOaWJig1aRB43J0PM5ZUe6Yyl9Qq2bUmraQjvNznkuFKy+hMFDgj0AvgGogTiO5TC+qA==",
			"license": "Apache-2.0",
			"dependencies": {
				"@ai-sdk/provider": "3.0.2",
				"@ai-sdk/provider-utils": "4.0.4"
			},
			"engines": {
				"node": ">=18"
			},
			"peerDependencies": {
				"zod": "^3.25.76 || ^4.1.8"
			}
		},
		"node_modules/@ai-sdk/cohere": {
			"version": "3.0.4",
			"resolved": "https://registry.npmjs.org/@ai-sdk/cohere/-/cohere-3.0.4.tgz",
			"integrity": "sha512-B8kEcxWQXakKyWz1vDo7xSMjeQ2fTo8cMvX0Hbb5fQGY/KXqz7l335UuuJ6tf8Zr8GtcydwcmSyyWslEhk2F0w==",
			"license": "Apache-2.0",
			"dependencies": {
				"@ai-sdk/provider": "3.0.2",
				"@ai-sdk/provider-utils": "4.0.4"
			},
			"engines": {
				"node": ">=18"
			},
			"peerDependencies": {
				"zod": "^3.25.76 || ^4.1.8"
			}
		},
		"node_modules/@ai-sdk/deepseek": {
			"version": "2.0.4",
			"resolved": "https://registry.npmjs.org/@ai-sdk/deepseek/-/deepseek-2.0.4.tgz",
			"integrity": "sha512-fw5ayjMYkcDAbq5Qc6cNKSqcOkeJwBEfK1v9TC7RAvEqmIgFxNfCtnWzEobQ4nk0AknPJfg6uFjZl+YdwCdLaw==",
			"license": "Apache-2.0",
			"dependencies": {
				"@ai-sdk/provider": "3.0.2",
				"@ai-sdk/provider-utils": "4.0.4"
			},
			"engines": {
				"node": ">=18"
			},
			"peerDependencies": {
				"zod": "^3.25.76 || ^4.1.8"
			}
		},
		"node_modules/@ai-sdk/gateway": {
			"version": "3.0.11",
			"resolved": "https://registry.npmjs.org/@ai-sdk/gateway/-/gateway-3.0.11.tgz",
			"integrity": "sha512-gLrgNXA95wdo/zAlA0miX/SJEYKSYCHg+e0Y/uQeABLScZAMjPw3jWaeANta/Db1T4xfi8cBvY3nnV8Pa27z+w==",
			"license": "Apache-2.0",
			"dependencies": {
				"@ai-sdk/provider": "3.0.2",
				"@ai-sdk/provider-utils": "4.0.4",
				"@vercel/oidc": "3.1.0"
			},
			"engines": {
				"node": ">=18"
			},
			"peerDependencies": {
				"zod": "^3.25.76 || ^4.1.8"
			}
		},
		"node_modules/@ai-sdk/google": {
			"version": "3.0.6",
			"resolved": "https://registry.npmjs.org/@ai-sdk/google/-/google-3.0.6.tgz",
			"integrity": "sha512-Nr7E+ouWd/bKO9SFlgLnJJ1+fiGHC07KAeFr08faT+lvkECWlxVox3aL0dec8uCgBDUghYbq7f4S5teUrCc+QQ==",
			"license": "Apache-2.0",
			"dependencies": {
				"@ai-sdk/provider": "3.0.2",
				"@ai-sdk/provider-utils": "4.0.4"
			},
			"engines": {
				"node": ">=18"
			},
			"peerDependencies": {
				"zod": "^3.25.76 || ^4.1.8"
			}
		},
		"node_modules/@ai-sdk/groq": {
			"version": "3.0.4",
			"resolved": "https://registry.npmjs.org/@ai-sdk/groq/-/groq-3.0.4.tgz",
			"integrity": "sha512-xhqeUZ9DclSZntfIAsIDsMzk2QpeWA9NMAdyrfP3Lbu+Nqccv1fWPoy9SaYwRwdluUUvc45gl9GtMDnWUbO0oA==",
			"license": "Apache-2.0",
			"dependencies": {
				"@ai-sdk/provider": "3.0.2",
				"@ai-sdk/provider-utils": "4.0.4"
			},
			"engines": {
				"node": ">=18"
			},
			"peerDependencies": {
				"zod": "^3.25.76 || ^4.1.8"
			}
		},
		"node_modules/@ai-sdk/mistral": {
			"version": "3.0.5",
			"resolved": "https://registry.npmjs.org/@ai-sdk/mistral/-/mistral-3.0.5.tgz",
			"integrity": "sha512-ymrHvsVBcafjZmdjLY4677o9yUvRhht3Hbdz1kTCqAzpJ5bWlHQikU9KaA5EAE0fvArixQmUNpTxSXuI26VQ2g==",
			"license": "Apache-2.0",
			"dependencies": {
				"@ai-sdk/provider": "3.0.2",
				"@ai-sdk/provider-utils": "4.0.4"
			},
			"engines": {
				"node": ">=18"
			},
			"peerDependencies": {
				"zod": "^3.25.76 || ^4.1.8"
			}
		},
		"node_modules/@ai-sdk/openai": {
			"version": "3.0.7",
			"resolved": "https://registry.npmjs.org/@ai-sdk/openai/-/openai-3.0.7.tgz",
			"integrity": "sha512-CBoYn1U59Lop8yBL9KuVjHCKc/B06q9Qo0SasRwHoyMEq+X4I8LQZu3a8Ck1jwwcZTTxfyiExB70LtIRSynBDA==",
			"license": "Apache-2.0",
			"dependencies": {
				"@ai-sdk/provider": "3.0.2",
				"@ai-sdk/provider-utils": "4.0.4"
			},
			"engines": {
				"node": ">=18"
			},
			"peerDependencies": {
				"zod": "^3.25.76 || ^4.1.8"
			}
		},
		"node_modules/@ai-sdk/openai-compatible": {
			"version": "2.0.4",
			"resolved": "https://registry.npmjs.org/@ai-sdk/openai-compatible/-/openai-compatible-2.0.4.tgz",
			"integrity": "sha512-kzsXyybJKM3wtUtGZkNbvmpDwqpsvg/hTjlPZe3s/bCx3enVdAlRtXD853nnj6mZjteNCDLoR2OgVLuDpyRN5Q==",
			"license": "Apache-2.0",
			"dependencies": {
				"@ai-sdk/provider": "3.0.2",
				"@ai-sdk/provider-utils": "4.0.4"
			},
			"engines": {
				"node": ">=18"
			},
			"peerDependencies": {
				"zod": "^3.25.76 || ^4.1.8"
			}
		},
		"node_modules/@ai-sdk/provider": {
			"version": "3.0.2",
			"resolved": "https://registry.npmjs.org/@ai-sdk/provider/-/provider-3.0.2.tgz",
			"integrity": "sha512-HrEmNt/BH/hkQ7zpi2o6N3k1ZR1QTb7z85WYhYygiTxOQuaml4CMtHCWRbric5WPU+RNsYI7r1EpyVQMKO1pYw==",
			"license": "Apache-2.0",
			"dependencies": {
				"json-schema": "^0.4.0"
			},
			"engines": {
				"node": ">=18"
			}
		},
		"node_modules/@ai-sdk/provider-utils": {
			"version": "4.0.4",
			"resolved": "https://registry.npmjs.org/@ai-sdk/provider-utils/-/provider-utils-4.0.4.tgz",
			"integrity": "sha512-VxhX0B/dWGbpNHxrKCWUAJKXIXV015J4e7qYjdIU9lLWeptk0KMLGcqkB4wFxff5Njqur8dt8wRi1MN9lZtDqg==",
			"license": "Apache-2.0",
			"dependencies": {
				"@ai-sdk/provider": "3.0.2",
				"@standard-schema/spec": "^1.1.0",
				"eventsource-parser": "^3.0.6"
			},
			"engines": {
				"node": ">=18"
			},
			"peerDependencies": {
				"zod": "^3.25.76 || ^4.1.8"
			}
		},
		"node_modules/@ai-sdk/xai": {
			"version": "3.0.13",
			"resolved": "https://registry.npmjs.org/@ai-sdk/xai/-/xai-3.0.13.tgz",
			"integrity": "sha512-7bV9iXWXwmVIDv5hhl82VScc7owGcvs0L63nffHQxIGyuNbVteHuDLchTxNqJsYLEMUf0NsnvDP8S5BSRGNC+w==",
			"license": "Apache-2.0",
			"dependencies": {
				"@ai-sdk/openai-compatible": "2.0.4",
				"@ai-sdk/provider": "3.0.2",
				"@ai-sdk/provider-utils": "4.0.4"
			},
			"engines": {
				"node": ">=18"
			},
			"peerDependencies": {
				"zod": "^3.25.76 || ^4.1.8"
			}
		},
		"node_modules/@opentelemetry/api": {
			"version": "1.9.0",
			"resolved": "https://registry.npmjs.org/@opentelemetry/api/-/api-1.9.0.tgz",
			"integrity": "sha512-3giAOQvZiH5F9bMlMiv8+GSPMeqg0dbaeo58/0SlA9sxSqZhnUtxzX9/2FzyhS9sWQf5S0GJE0AKBrFqjpeYcg==",
			"license": "Apache-2.0",
			"engines": {
				"node": ">=8.0.0"
			}
		},
		"node_modules/@standard-schema/spec": {
			"version": "1.1.0",
			"resolved": "https://registry.npmjs.org/@standard-schema/spec/-/spec-1.1.0.tgz",
			"integrity": "sha512-l2aFy5jALhniG5HgqrD6jXLi/rUWrKvqN/qJx6yoJsgKhblVd+iqqU4RCXavm/jPityDo5TCvKMnpjKnOriy0w==",
			"license": "MIT"
		},
		"node_modules/@vercel/oidc": {
			"version": "3.1.0",
			"resolved": "https://registry.npmjs.org/@vercel/oidc/-/oidc-3.1.0.tgz",
			"integrity": "sha512-Fw28YZpRnA3cAHHDlkt7xQHiJ0fcL+NRcIqsocZQUSmbzeIKRpwttJjik5ZGanXP+vlA4SbTg+AbA3bP363l+w==",
			"license": "Apache-2.0",
			"engines": {
				"node": ">= 20"
			}
		},
		"node_modules/ai": {
			"version": "6.0.27",
			"resolved": "https://registry.npmjs.org/ai/-/ai-6.0.27.tgz",
			"integrity": "sha512-a4ToMt5+4xOzHuYdoTy2GQXuNa2/Tpuhxfs5QESHtEV/Vf2HAzSwmTwikrIs8CDKPuMWV1I9YqAvaN5xexMCiQ==",
			"license": "Apache-2.0",
			"dependencies": {
				"@ai-sdk/gateway": "3.0.11",
				"@ai-sdk/provider": "3.0.2",
				"@ai-sdk/provider-utils": "4.0.4",
				"@opentelemetry/api": "1.9.0"
			},
			"engines": {
				"node": ">=18"
			},
			"peerDependencies": {
				"zod": "^3.25.76 || ^4.1.8"
			}
		},
		"node_modules/eventsource-parser": {
			"version": "3.0.6",
			"resolved": "https://registry.npmjs.org/eventsource-parser/-/eventsource-parser-3.0.6.tgz",
			"integrity": "sha512-Vo1ab+QXPzZ4tCa8SwIHJFaSzy4R6SHf7BY79rFBDf0idraZWAkYrDjDj8uWaSm3S2TK+hJ7/t1CEmZ7jXw+pg==",
			"license": "MIT",
			"engines": {
				"node": ">=18.0.0"
			}
		},
		"node_modules/json-schema": {
			"version": "0.4.0",
			"resolved": "https://registry.npmjs.org/json-schema/-/json-schema-0.4.0.tgz",
			"integrity": "sha512-es94M3nTIfsEPisRafak+HDLfHXnKBhV3vU5eqPcS3flIWqcxJWgXHXiey3YrpaNsanY5ei1VoYEbOzijuq9BA==",
			"license": "(AFL-2.1 OR BSD-3-Clause)"
		},
		"node_modules/zod": {
			"version": "3.25.76",
			"resolved": "https://registry.npmjs.org/zod/-/zod-3.25.76.tgz",
			"integrity": "sha512-gzUt/qt81nXsFGKIFcC3YnfEAx5NkunCfnDlvuBSSFS02bcXu4Lmea0AFIUwbLWxWPx3d9p8S5QoaujKcNQxcQ==",
			"license": "MIT",
			"peer": true,
			"funding": {
				"url": "https://github.com/sponsors/colinhacks"
			}
		}
	}
}
